
Microsoft Visual Studio Solution File, Format Version 12.00
# Visual Studio Version 16
VisualStudioVersion = 16.0.29123.88
MinimumVisualStudioVersion = 10.0.40219.1
Project("{FAE04EC0-301F-11D3-BF4B-00C04F79EFBC}") = "LinkedContent", "LinkedContent.csproj", "{02537DE7-2015-40E8-9204-5B2F4429D6E8}"
EndProject
Global
	GlobalSection(SolutionConfigurationPlatforms) = preSolution
		Debug|Any CPU = Debug|Any CPU
		Release|Any CPU = Release|Any CPU
	EndGlobalSection
	GlobalSection(ProjectConfigurationPlatforms) = postSolution
		{02537DE7-2015-40E8-9204-5B2F4429D6E8}.Debug|Any CPU.ActiveCfg = Debug|Any CPU
		{02537DE7-2015-40E8-9204-5B2F4429D6E8}.Debug|Any CPU.Build.0 = Debug|Any CPU
		{02537DE7-2015-40E8-9204-5B2F4429D6E8}.Release|Any CPU.ActiveCfg = Release|Any CPU
		{02537DE7-2015-40E8-9204-5B2F4429D6E8}.Release|Any CPU.Build.0 = Release|Any CPU
	EndGlobalSection
	GlobalSection(SolutionProperties) = preSolution
		HideSolutionNode = FALSE
	EndGlobalSection
	GlobalSection(ExtensibilityGlobals) = postSolution
		SolutionGuid = {F94EF896-0B7D-4079-A3CD-654A5CA4DF1A}
	EndGlobalSection
EndGlobal
